schema: '2.0'
stages:
  data_ingestion:
    cmd: python3 src/data_ingestion.py
    deps:
    - path: src/data_ingestion.py
      hash: md5
      md5: 91bd6ac2201255a226e98be149d820f1
      size: 775
    params:
      params.yaml:
        data_ingestion.test_size: 0.2
    outs:
    - path: data/raw
      hash: md5
      md5: 31e651b1ecf8080e509cf272da7a0e89.dir
      size: 135809
      nfiles: 2
  data_preprocessing:
    cmd: python3 src/data_preprocessing.py
    deps:
    - path: data/raw
      hash: md5
      md5: 31e651b1ecf8080e509cf272da7a0e89.dir
      size: 135809
      nfiles: 2
    - path: src/data_preprocessing.py
      hash: md5
      md5: d948652d185f4f9726792019ed594db1
      size: 1472
    outs:
    - path: data/preprocessed
      hash: md5
      md5: a709990fc2dab5b22f06c1bd903456f9.dir
      size: 122526
      nfiles: 2
  feature_engineer:
    cmd: python3 src/feature_engineering.py
    deps:
    - path: data/preprocessed
      hash: md5
      md5: a709990fc2dab5b22f06c1bd903456f9.dir
      size: 122526
      nfiles: 2
    - path: src/feature_engineering.py
      hash: md5
      md5: b0e7f42ed82cb7bc56179efdb22aec3e
      size: 960
    params:
      params.yaml:
        feature_engineering.n_festures: 20
    outs:
    - path: data/fe
      hash: md5
      md5: ca6543693ccf867bbcda13568fa97973.dir
      size: 53668
      nfiles: 2
  model:
    cmd: python3 src/model.py
    deps:
    - path: data/fe
      hash: md5
      md5: ca6543693ccf867bbcda13568fa97973.dir
      size: 53668
      nfiles: 2
    - path: src/model.py
      hash: md5
      md5: 03177f602e0204b413fb4a04411cbb47
      size: 525
    params:
      params.yaml:
        model.n_estimators: 30
    outs:
    - path: model.pkl
      hash: md5
      md5: 9b62e9bf16241a9fa268b9ca3942b5bf
      size: 45244
  model_eval:
    cmd: python3 src/model_eval.py
    deps:
    - path: model.pkl
      hash: md5
      md5: 9b62e9bf16241a9fa268b9ca3942b5bf
      size: 45244
    - path: src/model_eval.py
      hash: md5
      md5: 21f1981fd0e79c136334737cd22e8585
      size: 716
    outs:
    - path: metrics.json
      hash: md5
      md5: ecd415a008c51f5fc2df80b2acdcac79
      size: 71
