schema: '2.0'
stages:
  data_ingestion:
    cmd: python3 src/data_ingestion.py
    deps:
    - path: src/data_ingestion.py
      hash: md5
      md5: fd54439b97d4fa546cbdea8439b1c691
      size: 1826
    params:
      params.yaml:
        data_ingestion.test_size: 0.2
    outs:
    - path: data/raw
      hash: md5
      md5: 31e651b1ecf8080e509cf272da7a0e89.dir
      size: 135809
      nfiles: 2
  data_preprocessing:
    cmd: python3 src/data_preprocessing.py
    deps:
    - path: data/raw
      hash: md5
      md5: 31e651b1ecf8080e509cf272da7a0e89.dir
      size: 135809
      nfiles: 2
    - path: src/data_preprocessing.py
      hash: md5
      md5: 031e48e15b2726278e97e0bfb7aacd44
      size: 1659
    outs:
    - path: data/preprocessed
      hash: md5
      md5: a709990fc2dab5b22f06c1bd903456f9.dir
      size: 122526
      nfiles: 2
  feature_engineer:
    cmd: python3 src/feature_engineering.py
    deps:
    - path: data/preprocessed
      hash: md5
      md5: a709990fc2dab5b22f06c1bd903456f9.dir
      size: 122526
      nfiles: 2
    - path: src/feature_engineering.py
      hash: md5
      md5: 444b9da36efeb0f13bb12e7775dbf812
      size: 1821
    params:
      params.yaml:
        feature_engineering.n_festures: 20
    outs:
    - path: data/fe
      hash: md5
      md5: dcc84479b1440a7b6885b0174000b095.dir
      size: 53668
      nfiles: 2
  model:
    cmd: python3 src/model.py
    deps:
    - path: data/fe
      hash: md5
      md5: dcc84479b1440a7b6885b0174000b095.dir
      size: 53668
      nfiles: 2
    - path: src/model.py
      hash: md5
      md5: 8b922b33a5fc33a32e7d1de671d4565d
      size: 1366
    params:
      params.yaml:
        model.n_estimators: 30
    outs:
    - path: model.pkl
      hash: md5
      md5: b5e02b1f02c98890a5c8f43a742448e9
      size: 45245
  model_eval:
    cmd: python3 src/model_eval.py
    deps:
    - path: model.pkl
      hash: md5
      md5: b5e02b1f02c98890a5c8f43a742448e9
      size: 45245
    - path: src/model_eval.py
      hash: md5
      md5: ee2c49cb8043cb16939be6f40925749f
      size: 1610
    outs:
    - path: metrics.json
      hash: md5
      md5: ecd415a008c51f5fc2df80b2acdcac79
      size: 71
